
Microsoft Visual Studio Solution File, Format Version 12.00
# Visual Studio Version 17
VisualStudioVersion = 17.13.35818.85 d17.13
MinimumVisualStudioVersion = 10.0.40219.1
Project("{FAE04EC0-301F-11D3-BF4B-00C04F79EFBC}") = "project", "project\project.csproj", "{295501A7-6D0A-48D0-B4CF-93AD32D20BA0}"
EndProject
Global
	GlobalSection(SolutionConfigurationPlatforms) = preSolution
		Debug|Any CPU = Debug|Any CPU
		Release|Any CPU = Release|Any CPU
	EndGlobalSection
	GlobalSection(ProjectConfigurationPlatforms) = postSolution
		{295501A7-6D0A-48D0-B4CF-93AD32D20BA0}.Debug|Any CPU.ActiveCfg = Debug|Any CPU
		{295501A7-6D0A-48D0-B4CF-93AD32D20BA0}.Debug|Any CPU.Build.0 = Debug|Any CPU
		{295501A7-6D0A-48D0-B4CF-93AD32D20BA0}.Release|Any CPU.ActiveCfg = Release|Any CPU
		{295501A7-6D0A-48D0-B4CF-93AD32D20BA0}.Release|Any CPU.Build.0 = Release|Any CPU
	EndGlobalSection
	GlobalSection(SolutionProperties) = preSolution
		HideSolutionNode = FALSE
	EndGlobalSection
	GlobalSection(ExtensibilityGlobals) = postSolution
		SolutionGuid = {F7C8BA33-274F-4FBE-857A-F36AB9609EB5}
	EndGlobalSection
EndGlobal
